
Microsoft Visual Studio Solution File, Format Version 12.00
# Visual Studio 14
VisualStudioVersion = 14.0.25420.1
MinimumVisualStudioVersion = 10.0.40219.1
Project("{2150E333-8FDC-42A3-9474-1A3956D46DE8}") = "src", "src", "{13F6BDA1-144A-4A1B-9F06-987F009760C7}"
EndProject
Project("{2150E333-8FDC-42A3-9474-1A3956D46DE8}") = "Solution Items", "Solution Items", "{93F66F1E-4A2C-4373-8C1B-D7CB63ACCECD}"
	ProjectSection(SolutionItems) = preProject
		global.json = global.json
	EndProjectSection
EndProject
Project("{8BB2217D-0F2D-49D1-97BC-3654ED321F3B}") = "Interviewd", "src\Interviewd\Interviewd.xproj", "{42ED50C8-1F9B-4BD5-8AF6-95F6B43BCA89}"
EndProject
Project("{8BB2217D-0F2D-49D1-97BC-3654ED321F3B}") = "Interviewd.Service.Rest", "src\Interviewd.Service.Rest\Interviewd.Service.Rest.xproj", "{68D1B361-ECF2-4C4F-B890-7CAF4B949016}"
EndProject
Global
	GlobalSection(SolutionConfigurationPlatforms) = preSolution
		Debug|Any CPU = Debug|Any CPU
		Release|Any CPU = Release|Any CPU
	EndGlobalSection
	GlobalSection(ProjectConfigurationPlatforms) = postSolution
		{42ED50C8-1F9B-4BD5-8AF6-95F6B43BCA89}.Debug|Any CPU.ActiveCfg = Debug|Any CPU
		{42ED50C8-1F9B-4BD5-8AF6-95F6B43BCA89}.Debug|Any CPU.Build.0 = Debug|Any CPU
		{42ED50C8-1F9B-4BD5-8AF6-95F6B43BCA89}.Release|Any CPU.ActiveCfg = Release|Any CPU
		{42ED50C8-1F9B-4BD5-8AF6-95F6B43BCA89}.Release|Any CPU.Build.0 = Release|Any CPU
		{68D1B361-ECF2-4C4F-B890-7CAF4B949016}.Debug|Any CPU.ActiveCfg = Debug|Any CPU
		{68D1B361-ECF2-4C4F-B890-7CAF4B949016}.Debug|Any CPU.Build.0 = Debug|Any CPU
		{68D1B361-ECF2-4C4F-B890-7CAF4B949016}.Release|Any CPU.ActiveCfg = Release|Any CPU
		{68D1B361-ECF2-4C4F-B890-7CAF4B949016}.Release|Any CPU.Build.0 = Release|Any CPU
	EndGlobalSection
	GlobalSection(SolutionProperties) = preSolution
		HideSolutionNode = FALSE
	EndGlobalSection
	GlobalSection(NestedProjects) = preSolution
		{42ED50C8-1F9B-4BD5-8AF6-95F6B43BCA89} = {13F6BDA1-144A-4A1B-9F06-987F009760C7}
		{68D1B361-ECF2-4C4F-B890-7CAF4B949016} = {13F6BDA1-144A-4A1B-9F06-987F009760C7}
	EndGlobalSection
EndGlobal
