
Microsoft Visual Studio Solution File, Format Version 12.00
# Visual Studio 15
VisualStudioVersion = 15.0.26430.15
MinimumVisualStudioVersion = 10.0.40219.1
Project("{FAE04EC0-301F-11D3-BF4B-00C04F79EFBC}") = "Interviewd.Tests.Api", "Interviewd.Tests.Api\Interviewd.Tests.Api.csproj", "{BA4CF1CE-03C7-438D-9B7D-AE8900387824}"
EndProject
Project("{9A19103F-16F7-4668-BE54-9A1E7A4F7556}") = "Interviewd.Configuration", "..\..\shared\Interviewd.Configuration\Interviewd.Configuration.csproj", "{AE350EA9-0703-40EF-99FC-CD8C6E8170D2}"
EndProject
Project("{9A19103F-16F7-4668-BE54-9A1E7A4F7556}") = "Interviewd.Domain.Model", "..\..\shared\Interviewd.Domain.Model\Interviewd.Domain.Model.csproj", "{ED4077A9-9CF4-415B-B6DA-2B60C72C2C80}"
EndProject
Global
	GlobalSection(SolutionConfigurationPlatforms) = preSolution
		Debug|Any CPU = Debug|Any CPU
		Release|Any CPU = Release|Any CPU
	EndGlobalSection
	GlobalSection(ProjectConfigurationPlatforms) = postSolution
		{BA4CF1CE-03C7-438D-9B7D-AE8900387824}.Debug|Any CPU.ActiveCfg = Debug|Any CPU
		{BA4CF1CE-03C7-438D-9B7D-AE8900387824}.Debug|Any CPU.Build.0 = Debug|Any CPU
		{BA4CF1CE-03C7-438D-9B7D-AE8900387824}.Release|Any CPU.ActiveCfg = Release|Any CPU
		{BA4CF1CE-03C7-438D-9B7D-AE8900387824}.Release|Any CPU.Build.0 = Release|Any CPU
		{AE350EA9-0703-40EF-99FC-CD8C6E8170D2}.Debug|Any CPU.ActiveCfg = Debug|Any CPU
		{AE350EA9-0703-40EF-99FC-CD8C6E8170D2}.Debug|Any CPU.Build.0 = Debug|Any CPU
		{AE350EA9-0703-40EF-99FC-CD8C6E8170D2}.Release|Any CPU.ActiveCfg = Release|Any CPU
		{AE350EA9-0703-40EF-99FC-CD8C6E8170D2}.Release|Any CPU.Build.0 = Release|Any CPU
		{ED4077A9-9CF4-415B-B6DA-2B60C72C2C80}.Debug|Any CPU.ActiveCfg = Debug|Any CPU
		{ED4077A9-9CF4-415B-B6DA-2B60C72C2C80}.Debug|Any CPU.Build.0 = Debug|Any CPU
		{ED4077A9-9CF4-415B-B6DA-2B60C72C2C80}.Release|Any CPU.ActiveCfg = Release|Any CPU
		{ED4077A9-9CF4-415B-B6DA-2B60C72C2C80}.Release|Any CPU.Build.0 = Release|Any CPU
	EndGlobalSection
	GlobalSection(SolutionProperties) = preSolution
		HideSolutionNode = FALSE
	EndGlobalSection
EndGlobal
