
Microsoft Visual Studio Solution File, Format Version 12.00
# Visual Studio 15
VisualStudioVersion = 15.0.26430.15
MinimumVisualStudioVersion = 10.0.40219.1
Project("{2150E333-8FDC-42A3-9474-1A3956D46DE8}") = "src", "src", "{13F6BDA1-144A-4A1B-9F06-987F009760C7}"
EndProject
Project("{2150E333-8FDC-42A3-9474-1A3956D46DE8}") = "Solution Items", "Solution Items", "{93F66F1E-4A2C-4373-8C1B-D7CB63ACCECD}"
EndProject
Project("{9A19103F-16F7-4668-BE54-9A1E7A4F7556}") = "Interviewd", "src\Interviewd\Interviewd.csproj", "{42ED50C8-1F9B-4BD5-8AF6-95F6B43BCA89}"
EndProject
Project("{9A19103F-16F7-4668-BE54-9A1E7A4F7556}") = "Interviewd.Service.Rest", "src\Interviewd.Service.Rest\Interviewd.Service.Rest.csproj", "{68D1B361-ECF2-4C4F-B890-7CAF4B949016}"
EndProject
Project("{9A19103F-16F7-4668-BE54-9A1E7A4F7556}") = "Interviewd.Application.Dto", "src\Interviewd.Application.Dto\Interviewd.Application.Dto.csproj", "{467BB172-3338-47FF-A72A-B1F8454683FC}"
EndProject
Project("{9A19103F-16F7-4668-BE54-9A1E7A4F7556}") = "Interviewd.Application", "src\Interviewd.Application\Interviewd.Application.csproj", "{29786E7F-F370-4CE8-A972-E5A398658700}"
EndProject
Project("{9A19103F-16F7-4668-BE54-9A1E7A4F7556}") = "Interviewd.Domain", "src\Interviewd.Domain\Interviewd.Domain.csproj", "{0DC323E1-F3D1-4377-85A6-45BF2247AFF0}"
EndProject
Project("{9A19103F-16F7-4668-BE54-9A1E7A4F7556}") = "Interviewd.Infrastructure", "src\Interviewd.Infrastructure\Interviewd.Infrastructure.csproj", "{B34437C7-8421-495D-8E27-F4CE6469F974}"
EndProject
Project("{9A19103F-16F7-4668-BE54-9A1E7A4F7556}") = "Interviewd.Configuration", "..\..\shared\Interviewd.Configuration\Interviewd.Configuration.csproj", "{B855C3F6-631A-46EC-8035-F0DFCD443214}"
EndProject
Project("{FAE04EC0-301F-11D3-BF4B-00C04F79EFBC}") = "Interviewd.Domain.Model", "..\..\shared\Interviewd.Domain.Model\Interviewd.Domain.Model.csproj", "{D27C5455-0136-42F4-A49C-9EDBFD351D9A}"
EndProject
Global
	GlobalSection(SolutionConfigurationPlatforms) = preSolution
		Debug|Any CPU = Debug|Any CPU
		Release|Any CPU = Release|Any CPU
	EndGlobalSection
	GlobalSection(ProjectConfigurationPlatforms) = postSolution
		{42ED50C8-1F9B-4BD5-8AF6-95F6B43BCA89}.Debug|Any CPU.ActiveCfg = Debug|Any CPU
		{42ED50C8-1F9B-4BD5-8AF6-95F6B43BCA89}.Debug|Any CPU.Build.0 = Debug|Any CPU
		{42ED50C8-1F9B-4BD5-8AF6-95F6B43BCA89}.Release|Any CPU.ActiveCfg = Release|Any CPU
		{42ED50C8-1F9B-4BD5-8AF6-95F6B43BCA89}.Release|Any CPU.Build.0 = Release|Any CPU
		{68D1B361-ECF2-4C4F-B890-7CAF4B949016}.Debug|Any CPU.ActiveCfg = Debug|Any CPU
		{68D1B361-ECF2-4C4F-B890-7CAF4B949016}.Debug|Any CPU.Build.0 = Debug|Any CPU
		{68D1B361-ECF2-4C4F-B890-7CAF4B949016}.Release|Any CPU.ActiveCfg = Release|Any CPU
		{68D1B361-ECF2-4C4F-B890-7CAF4B949016}.Release|Any CPU.Build.0 = Release|Any CPU
		{467BB172-3338-47FF-A72A-B1F8454683FC}.Debug|Any CPU.ActiveCfg = Debug|Any CPU
		{467BB172-3338-47FF-A72A-B1F8454683FC}.Debug|Any CPU.Build.0 = Debug|Any CPU
		{467BB172-3338-47FF-A72A-B1F8454683FC}.Release|Any CPU.ActiveCfg = Release|Any CPU
		{467BB172-3338-47FF-A72A-B1F8454683FC}.Release|Any CPU.Build.0 = Release|Any CPU
		{29786E7F-F370-4CE8-A972-E5A398658700}.Debug|Any CPU.ActiveCfg = Debug|Any CPU
		{29786E7F-F370-4CE8-A972-E5A398658700}.Debug|Any CPU.Build.0 = Debug|Any CPU
		{29786E7F-F370-4CE8-A972-E5A398658700}.Release|Any CPU.ActiveCfg = Release|Any CPU
		{29786E7F-F370-4CE8-A972-E5A398658700}.Release|Any CPU.Build.0 = Release|Any CPU
		{0DC323E1-F3D1-4377-85A6-45BF2247AFF0}.Debug|Any CPU.ActiveCfg = Debug|Any CPU
		{0DC323E1-F3D1-4377-85A6-45BF2247AFF0}.Debug|Any CPU.Build.0 = Debug|Any CPU
		{0DC323E1-F3D1-4377-85A6-45BF2247AFF0}.Release|Any CPU.ActiveCfg = Release|Any CPU
		{0DC323E1-F3D1-4377-85A6-45BF2247AFF0}.Release|Any CPU.Build.0 = Release|Any CPU
		{B34437C7-8421-495D-8E27-F4CE6469F974}.Debug|Any CPU.ActiveCfg = Debug|Any CPU
		{B34437C7-8421-495D-8E27-F4CE6469F974}.Debug|Any CPU.Build.0 = Debug|Any CPU
		{B34437C7-8421-495D-8E27-F4CE6469F974}.Release|Any CPU.ActiveCfg = Release|Any CPU
		{B34437C7-8421-495D-8E27-F4CE6469F974}.Release|Any CPU.Build.0 = Release|Any CPU
		{B855C3F6-631A-46EC-8035-F0DFCD443214}.Debug|Any CPU.ActiveCfg = Debug|Any CPU
		{B855C3F6-631A-46EC-8035-F0DFCD443214}.Debug|Any CPU.Build.0 = Debug|Any CPU
		{B855C3F6-631A-46EC-8035-F0DFCD443214}.Release|Any CPU.ActiveCfg = Release|Any CPU
		{B855C3F6-631A-46EC-8035-F0DFCD443214}.Release|Any CPU.Build.0 = Release|Any CPU
		{D27C5455-0136-42F4-A49C-9EDBFD351D9A}.Debug|Any CPU.ActiveCfg = Debug|Any CPU
		{D27C5455-0136-42F4-A49C-9EDBFD351D9A}.Debug|Any CPU.Build.0 = Debug|Any CPU
		{D27C5455-0136-42F4-A49C-9EDBFD351D9A}.Release|Any CPU.ActiveCfg = Release|Any CPU
		{D27C5455-0136-42F4-A49C-9EDBFD351D9A}.Release|Any CPU.Build.0 = Release|Any CPU
	EndGlobalSection
	GlobalSection(SolutionProperties) = preSolution
		HideSolutionNode = FALSE
	EndGlobalSection
	GlobalSection(NestedProjects) = preSolution
		{42ED50C8-1F9B-4BD5-8AF6-95F6B43BCA89} = {13F6BDA1-144A-4A1B-9F06-987F009760C7}
		{68D1B361-ECF2-4C4F-B890-7CAF4B949016} = {13F6BDA1-144A-4A1B-9F06-987F009760C7}
		{467BB172-3338-47FF-A72A-B1F8454683FC} = {13F6BDA1-144A-4A1B-9F06-987F009760C7}
		{29786E7F-F370-4CE8-A972-E5A398658700} = {13F6BDA1-144A-4A1B-9F06-987F009760C7}
		{0DC323E1-F3D1-4377-85A6-45BF2247AFF0} = {13F6BDA1-144A-4A1B-9F06-987F009760C7}
		{B34437C7-8421-495D-8E27-F4CE6469F974} = {13F6BDA1-144A-4A1B-9F06-987F009760C7}
		{B855C3F6-631A-46EC-8035-F0DFCD443214} = {13F6BDA1-144A-4A1B-9F06-987F009760C7}
		{D27C5455-0136-42F4-A49C-9EDBFD351D9A} = {13F6BDA1-144A-4A1B-9F06-987F009760C7}
	EndGlobalSection
EndGlobal
